
Microsoft Visual Studio Solution File, Format Version 12.00
# Visual Studio Version 17
VisualStudioVersion = 17.5.33414.496
MinimumVisualStudioVersion = 10.0.40219.1
Project("{FAE04EC0-301F-11D3-BF4B-00C04F79EFBC}") = "Clone", "Clone.csproj", "{D1CF0097-D295-4320-81C5-5A09C45D5586}"
EndProject
Global
	GlobalSection(SolutionConfigurationPlatforms) = preSolution
		Debug|Any CPU = Debug|Any CPU
		Release|Any CPU = Release|Any CPU
	EndGlobalSection
	GlobalSection(ProjectConfigurationPlatforms) = postSolution
		{D1CF0097-D295-4320-81C5-5A09C45D5586}.Debug|Any CPU.ActiveCfg = Debug|Any CPU
		{D1CF0097-D295-4320-81C5-5A09C45D5586}.Debug|Any CPU.Build.0 = Debug|Any CPU
		{D1CF0097-D295-4320-81C5-5A09C45D5586}.Release|Any CPU.ActiveCfg = Release|Any CPU
		{D1CF0097-D295-4320-81C5-5A09C45D5586}.Release|Any CPU.Build.0 = Release|Any CPU
	EndGlobalSection
	GlobalSection(SolutionProperties) = preSolution
		HideSolutionNode = FALSE
	EndGlobalSection
	GlobalSection(ExtensibilityGlobals) = postSolution
		SolutionGuid = {AC7F26E0-1757-4C63-8F53-66E287317FC0}
	EndGlobalSection
EndGlobal
