
Microsoft Visual Studio Solution File, Format Version 12.00
# Visual Studio Version 17
VisualStudioVersion = 17.5.33414.496
MinimumVisualStudioVersion = 10.0.40219.1
Project("{FAE04EC0-301F-11D3-BF4B-00C04F79EFBC}") = "Outbox", "Outbox\Outbox.csproj", "{C918DF22-9C27-4BF9-9F22-5D1A971878D1}"
EndProject
Project("{FAE04EC0-301F-11D3-BF4B-00C04F79EFBC}") = "Shared.Outbox", "Shared.Outbox\Shared.Outbox.csproj", "{92EB23B7-D7C0-4A31-9DC8-0DD93629028A}"
EndProject
Global
	GlobalSection(SolutionConfigurationPlatforms) = preSolution
		Debug|Any CPU = Debug|Any CPU
		Release|Any CPU = Release|Any CPU
	EndGlobalSection
	GlobalSection(ProjectConfigurationPlatforms) = postSolution
		{C918DF22-9C27-4BF9-9F22-5D1A971878D1}.Debug|Any CPU.ActiveCfg = Debug|Any CPU
		{C918DF22-9C27-4BF9-9F22-5D1A971878D1}.Debug|Any CPU.Build.0 = Debug|Any CPU
		{C918DF22-9C27-4BF9-9F22-5D1A971878D1}.Release|Any CPU.ActiveCfg = Release|Any CPU
		{C918DF22-9C27-4BF9-9F22-5D1A971878D1}.Release|Any CPU.Build.0 = Release|Any CPU
		{92EB23B7-D7C0-4A31-9DC8-0DD93629028A}.Debug|Any CPU.ActiveCfg = Debug|Any CPU
		{92EB23B7-D7C0-4A31-9DC8-0DD93629028A}.Debug|Any CPU.Build.0 = Debug|Any CPU
		{92EB23B7-D7C0-4A31-9DC8-0DD93629028A}.Release|Any CPU.ActiveCfg = Release|Any CPU
		{92EB23B7-D7C0-4A31-9DC8-0DD93629028A}.Release|Any CPU.Build.0 = Release|Any CPU
	EndGlobalSection
	GlobalSection(SolutionProperties) = preSolution
		HideSolutionNode = FALSE
	EndGlobalSection
	GlobalSection(ExtensibilityGlobals) = postSolution
		SolutionGuid = {CD1D87B1-58DB-4905-8B4E-94C03DF8FF4C}
	EndGlobalSection
EndGlobal
